
Microsoft Visual Studio Solution File, Format Version 12.00
# Visual Studio 15
VisualStudioVersion = 15.0.28010.2046
MinimumVisualStudioVersion = 10.0.40219.1
Project("{FAE04EC0-301F-11D3-BF4B-00C04F79EFBC}") = "BilletLibary", "BilletLibary\BilletLibary.csproj", "{FEFA8113-8BDC-4935-9421-03BEC630DA9D}"
EndProject
Project("{FAE04EC0-301F-11D3-BF4B-00C04F79EFBC}") = "BilTest", "BilTest\BilTest.csproj", "{AE2C3622-3770-4F34-81D0-27A13594C1B5}"
EndProject
Global
	GlobalSection(SolutionConfigurationPlatforms) = preSolution
		Debug|Any CPU = Debug|Any CPU
		Release|Any CPU = Release|Any CPU
	EndGlobalSection
	GlobalSection(ProjectConfigurationPlatforms) = postSolution
		{FEFA8113-8BDC-4935-9421-03BEC630DA9D}.Debug|Any CPU.ActiveCfg = Debug|Any CPU
		{FEFA8113-8BDC-4935-9421-03BEC630DA9D}.Debug|Any CPU.Build.0 = Debug|Any CPU
		{FEFA8113-8BDC-4935-9421-03BEC630DA9D}.Release|Any CPU.ActiveCfg = Release|Any CPU
		{FEFA8113-8BDC-4935-9421-03BEC630DA9D}.Release|Any CPU.Build.0 = Release|Any CPU
		{AE2C3622-3770-4F34-81D0-27A13594C1B5}.Debug|Any CPU.ActiveCfg = Debug|Any CPU
		{AE2C3622-3770-4F34-81D0-27A13594C1B5}.Debug|Any CPU.Build.0 = Debug|Any CPU
		{AE2C3622-3770-4F34-81D0-27A13594C1B5}.Release|Any CPU.ActiveCfg = Release|Any CPU
		{AE2C3622-3770-4F34-81D0-27A13594C1B5}.Release|Any CPU.Build.0 = Release|Any CPU
	EndGlobalSection
	GlobalSection(SolutionProperties) = preSolution
		HideSolutionNode = FALSE
	EndGlobalSection
	GlobalSection(ExtensibilityGlobals) = postSolution
		SolutionGuid = {B2871776-EFCD-455A-B126-B695B1D3D186}
	EndGlobalSection
EndGlobal
